
Microsoft Visual Studio Solution File, Format Version 12.00
# Visual Studio 15
VisualStudioVersion = 15.0.26228.4
MinimumVisualStudioVersion = 10.0.40219.1
Project("{FAE04EC0-301F-11D3-BF4B-00C04F79EFBC}") = "Microsoft.ProjectOxford.Text", "Microsoft.ProjectOxford.Text\Microsoft.ProjectOxford.Text.csproj", "{71E92629-4AEB-4AB7-89A2-F44C2430290C}"
EndProject
Project("{FAE04EC0-301F-11D3-BF4B-00C04F79EFBC}") = "Microsoft.ProjectOxford.Text.Test", "Microsoft.ProjectOxford.Text.Test\Microsoft.ProjectOxford.Text.Test.csproj", "{B619DB94-2BD3-412C-8054-978665EF5516}"
	ProjectSection(ProjectDependencies) = postProject
		{71E92629-4AEB-4AB7-89A2-F44C2430290C} = {71E92629-4AEB-4AB7-89A2-F44C2430290C}
	EndProjectSection
EndProject
Global
	GlobalSection(SolutionConfigurationPlatforms) = preSolution
		Debug|Any CPU = Debug|Any CPU
		Release|Any CPU = Release|Any CPU
	EndGlobalSection
	GlobalSection(ProjectConfigurationPlatforms) = postSolution
		{71E92629-4AEB-4AB7-89A2-F44C2430290C}.Debug|Any CPU.ActiveCfg = Debug|Any CPU
		{71E92629-4AEB-4AB7-89A2-F44C2430290C}.Debug|Any CPU.Build.0 = Debug|Any CPU
		{71E92629-4AEB-4AB7-89A2-F44C2430290C}.Release|Any CPU.ActiveCfg = Release|Any CPU
		{71E92629-4AEB-4AB7-89A2-F44C2430290C}.Release|Any CPU.Build.0 = Release|Any CPU
		{B619DB94-2BD3-412C-8054-978665EF5516}.Debug|Any CPU.ActiveCfg = Debug|Any CPU
		{B619DB94-2BD3-412C-8054-978665EF5516}.Debug|Any CPU.Build.0 = Debug|Any CPU
		{B619DB94-2BD3-412C-8054-978665EF5516}.Release|Any CPU.ActiveCfg = Release|Any CPU
		{B619DB94-2BD3-412C-8054-978665EF5516}.Release|Any CPU.Build.0 = Release|Any CPU
	EndGlobalSection
	GlobalSection(SolutionProperties) = preSolution
		HideSolutionNode = FALSE
	EndGlobalSection
EndGlobal
